
Microsoft Visual Studio Solution File, Format Version 12.00
# Visual Studio Version 17
VisualStudioVersion = 17.7.34031.279
MinimumVisualStudioVersion = 10.0.40219.1
Project("{FAE04EC0-301F-11D3-BF4B-00C04F79EFBC}") = "Food.WebApi", "Food.WebApi.csproj", "{C3BBC830-C0AC-4C09-AACE-C1EF5DA95B86}"
EndProject
Global
	GlobalSection(SolutionConfigurationPlatforms) = preSolution
		Debug|Any CPU = Debug|Any CPU
		Release|Any CPU = Release|Any CPU
	EndGlobalSection
	GlobalSection(ProjectConfigurationPlatforms) = postSolution
		{C3BBC830-C0AC-4C09-AACE-C1EF5DA95B86}.Debug|Any CPU.ActiveCfg = Debug|Any CPU
		{C3BBC830-C0AC-4C09-AACE-C1EF5DA95B86}.Debug|Any CPU.Build.0 = Debug|Any CPU
		{C3BBC830-C0AC-4C09-AACE-C1EF5DA95B86}.Release|Any CPU.ActiveCfg = Release|Any CPU
		{C3BBC830-C0AC-4C09-AACE-C1EF5DA95B86}.Release|Any CPU.Build.0 = Release|Any CPU
	EndGlobalSection
	GlobalSection(SolutionProperties) = preSolution
		HideSolutionNode = FALSE
	EndGlobalSection
	GlobalSection(ExtensibilityGlobals) = postSolution
		SolutionGuid = {E48C0777-9AA5-44EA-8739-2182632239D9}
	EndGlobalSection
EndGlobal
